
Microsoft Visual Studio Solution File, Format Version 12.00
# Visual Studio 15
VisualStudioVersion = 15.0.27130.2003
MinimumVisualStudioVersion = 10.0.40219.1
Project("{FAE04EC0-301F-11D3-BF4B-00C04F79EFBC}") = "ITE.Forms", "ITE.Forms\ITE.Forms.csproj", "{470BBF93-FF7E-4101-84DB-7FC742C41B8B}"
EndProject
Project("{FAE04EC0-301F-11D3-BF4B-00C04F79EFBC}") = "ITE.Entidades", "ITE.Entidades\ITE.Entidades.csproj", "{F0B3C988-FBBC-412B-9E94-7EC6075EAC20}"
EndProject
Project("{FAE04EC0-301F-11D3-BF4B-00C04F79EFBC}") = "ITE.Reports", "ITE.Reports\ITE.Reports.csproj", "{F926DE03-1E33-46A6-979A-706F78E3CBCC}"
EndProject
Project("{FAE04EC0-301F-11D3-BF4B-00C04F79EFBC}") = "ITE.Vendas", "ITE.Vendas\ITE.Vendas.csproj", "{3C2470E8-B802-4357-AD03-F856969B55E3}"
EndProject
Project("{FAE04EC0-301F-11D3-BF4B-00C04F79EFBC}") = "ITE.RH", "ITE.RH\ITE.RH.csproj", "{C3DECD5A-36A9-4583-8FD5-CCC664A29A48}"
EndProject
Project("{FAE04EC0-301F-11D3-BF4B-00C04F79EFBC}") = "ITE.Fiscal", "ITE.Fiscal\ITE.Fiscal.csproj", "{5B5B87A6-3755-4B78-85A2-405482E558E7}"
EndProject
Project("{FAE04EC0-301F-11D3-BF4B-00C04F79EFBC}") = "ITE.Components", "ITE.Components\ITE.Components.csproj", "{543944FF-D802-4960-92B6-A8FD3E5297DE}"
EndProject
Project("{FAE04EC0-301F-11D3-BF4B-00C04F79EFBC}") = "ITE.Contabil", "ITE.Contabil\ITE.Contabil.csproj", "{3867D99E-5870-46CA-860E-003728714C47}"
EndProject
Project("{FAE04EC0-301F-11D3-BF4B-00C04F79EFBC}") = "ITE.Financeiro", "ITE.Financeiro\ITE.Financeiro.csproj", "{39EA720F-7367-4587-B0EC-AAF0720EDBA1}"
EndProject
Project("{FAE04EC0-301F-11D3-BF4B-00C04F79EFBC}") = "ITE.Informatica", "ITE.Informatica\ITE.Informatica.csproj", "{BD4601DA-7A93-4196-8B9B-4FCFFC096975}"
EndProject
Project("{FAE04EC0-301F-11D3-BF4B-00C04F79EFBC}") = "ITE.Logistica", "ITE.Logistica\ITE.Logistica.csproj", "{622DFC5D-64E1-4F99-A6A8-7967CCF975EF}"
EndProject
Project("{FAE04EC0-301F-11D3-BF4B-00C04F79EFBC}") = "ITE.DataControl", "ITE.DataControl\ITE.DataControl.csproj", "{AA004897-EC9B-4725-8EC0-40925EA19C22}"
EndProject
Project("{FAE04EC0-301F-11D3-BF4B-00C04F79EFBC}") = "Teste", "Teste\Teste.csproj", "{46FD534F-7329-4BA8-8F9E-E8A50EB1041E}"
EndProject
Project("{FAE04EC0-301F-11D3-BF4B-00C04F79EFBC}") = "ITE.CE", "ITE.CE\ITE.CE.csproj", "{0E38561C-E725-4F45-86A1-045070C81528}"
EndProject
Project("{2150E333-8FDC-42A3-9474-1A3956D46DE8}") = "Common", "Common", "{5EEF80E5-FD05-45EC-81A3-E5F8CC768F77}"
EndProject
Project("{2150E333-8FDC-42A3-9474-1A3956D46DE8}") = "Servers", "Servers", "{67329EE6-412A-4FC9-ACE6-8BECBB3E150E}"
EndProject
Project("{2150E333-8FDC-42A3-9474-1A3956D46DE8}") = "Desktop", "Desktop", "{CB93FDD4-81B7-4C8B-8653-D9AF83AB07CF}"
EndProject
Project("{FAE04EC0-301F-11D3-BF4B-00C04F79EFBC}") = "ITEDesktop", "Desktop\ITEDesktop\ITEDesktop.csproj", "{BB332955-685E-4EA3-BC95-94E5C984A610}"
EndProject
Global
	GlobalSection(SolutionConfigurationPlatforms) = preSolution
		Debug|Any CPU = Debug|Any CPU
		Release|Any CPU = Release|Any CPU
	EndGlobalSection
	GlobalSection(ProjectConfigurationPlatforms) = postSolution
		{470BBF93-FF7E-4101-84DB-7FC742C41B8B}.Debug|Any CPU.ActiveCfg = Debug|Any CPU
		{470BBF93-FF7E-4101-84DB-7FC742C41B8B}.Release|Any CPU.ActiveCfg = Release|Any CPU
		{470BBF93-FF7E-4101-84DB-7FC742C41B8B}.Release|Any CPU.Build.0 = Release|Any CPU
		{F0B3C988-FBBC-412B-9E94-7EC6075EAC20}.Debug|Any CPU.ActiveCfg = Debug|Any CPU
		{F0B3C988-FBBC-412B-9E94-7EC6075EAC20}.Debug|Any CPU.Deploy.0 = Debug|Any CPU
		{F0B3C988-FBBC-412B-9E94-7EC6075EAC20}.Release|Any CPU.ActiveCfg = Release|Any CPU
		{F0B3C988-FBBC-412B-9E94-7EC6075EAC20}.Release|Any CPU.Build.0 = Release|Any CPU
		{F926DE03-1E33-46A6-979A-706F78E3CBCC}.Debug|Any CPU.ActiveCfg = Debug|Any CPU
		{F926DE03-1E33-46A6-979A-706F78E3CBCC}.Debug|Any CPU.Deploy.0 = Debug|Any CPU
		{F926DE03-1E33-46A6-979A-706F78E3CBCC}.Release|Any CPU.ActiveCfg = Release|Any CPU
		{F926DE03-1E33-46A6-979A-706F78E3CBCC}.Release|Any CPU.Build.0 = Release|Any CPU
		{3C2470E8-B802-4357-AD03-F856969B55E3}.Debug|Any CPU.ActiveCfg = Debug|Any CPU
		{3C2470E8-B802-4357-AD03-F856969B55E3}.Release|Any CPU.ActiveCfg = Release|Any CPU
		{3C2470E8-B802-4357-AD03-F856969B55E3}.Release|Any CPU.Build.0 = Release|Any CPU
		{C3DECD5A-36A9-4583-8FD5-CCC664A29A48}.Debug|Any CPU.ActiveCfg = Debug|Any CPU
		{C3DECD5A-36A9-4583-8FD5-CCC664A29A48}.Release|Any CPU.ActiveCfg = Release|Any CPU
		{C3DECD5A-36A9-4583-8FD5-CCC664A29A48}.Release|Any CPU.Build.0 = Release|Any CPU
		{5B5B87A6-3755-4B78-85A2-405482E558E7}.Debug|Any CPU.ActiveCfg = Debug|Any CPU
		{5B5B87A6-3755-4B78-85A2-405482E558E7}.Debug|Any CPU.Deploy.0 = Debug|Any CPU
		{5B5B87A6-3755-4B78-85A2-405482E558E7}.Release|Any CPU.ActiveCfg = Release|Any CPU
		{5B5B87A6-3755-4B78-85A2-405482E558E7}.Release|Any CPU.Build.0 = Release|Any CPU
		{543944FF-D802-4960-92B6-A8FD3E5297DE}.Debug|Any CPU.ActiveCfg = Debug|Any CPU
		{543944FF-D802-4960-92B6-A8FD3E5297DE}.Release|Any CPU.ActiveCfg = Release|Any CPU
		{543944FF-D802-4960-92B6-A8FD3E5297DE}.Release|Any CPU.Build.0 = Release|Any CPU
		{3867D99E-5870-46CA-860E-003728714C47}.Debug|Any CPU.ActiveCfg = Debug|Any CPU
		{3867D99E-5870-46CA-860E-003728714C47}.Debug|Any CPU.Deploy.0 = Debug|Any CPU
		{3867D99E-5870-46CA-860E-003728714C47}.Release|Any CPU.ActiveCfg = Release|Any CPU
		{3867D99E-5870-46CA-860E-003728714C47}.Release|Any CPU.Build.0 = Release|Any CPU
		{39EA720F-7367-4587-B0EC-AAF0720EDBA1}.Debug|Any CPU.ActiveCfg = Debug|Any CPU
		{39EA720F-7367-4587-B0EC-AAF0720EDBA1}.Release|Any CPU.ActiveCfg = Release|Any CPU
		{39EA720F-7367-4587-B0EC-AAF0720EDBA1}.Release|Any CPU.Build.0 = Release|Any CPU
		{BD4601DA-7A93-4196-8B9B-4FCFFC096975}.Debug|Any CPU.ActiveCfg = Debug|Any CPU
		{BD4601DA-7A93-4196-8B9B-4FCFFC096975}.Release|Any CPU.ActiveCfg = Release|Any CPU
		{BD4601DA-7A93-4196-8B9B-4FCFFC096975}.Release|Any CPU.Build.0 = Release|Any CPU
		{622DFC5D-64E1-4F99-A6A8-7967CCF975EF}.Debug|Any CPU.ActiveCfg = Debug|Any CPU
		{622DFC5D-64E1-4F99-A6A8-7967CCF975EF}.Debug|Any CPU.Deploy.0 = Debug|Any CPU
		{622DFC5D-64E1-4F99-A6A8-7967CCF975EF}.Release|Any CPU.ActiveCfg = Release|Any CPU
		{622DFC5D-64E1-4F99-A6A8-7967CCF975EF}.Release|Any CPU.Build.0 = Release|Any CPU
		{AA004897-EC9B-4725-8EC0-40925EA19C22}.Debug|Any CPU.ActiveCfg = Debug|Any CPU
		{AA004897-EC9B-4725-8EC0-40925EA19C22}.Release|Any CPU.ActiveCfg = Release|Any CPU
		{AA004897-EC9B-4725-8EC0-40925EA19C22}.Release|Any CPU.Build.0 = Release|Any CPU
		{46FD534F-7329-4BA8-8F9E-E8A50EB1041E}.Debug|Any CPU.ActiveCfg = Debug|Any CPU
		{46FD534F-7329-4BA8-8F9E-E8A50EB1041E}.Release|Any CPU.ActiveCfg = Release|Any CPU
		{46FD534F-7329-4BA8-8F9E-E8A50EB1041E}.Release|Any CPU.Build.0 = Release|Any CPU
		{0E38561C-E725-4F45-86A1-045070C81528}.Debug|Any CPU.ActiveCfg = Debug|Any CPU
		{0E38561C-E725-4F45-86A1-045070C81528}.Release|Any CPU.ActiveCfg = Release|Any CPU
		{0E38561C-E725-4F45-86A1-045070C81528}.Release|Any CPU.Build.0 = Release|Any CPU
		{BB332955-685E-4EA3-BC95-94E5C984A610}.Debug|Any CPU.ActiveCfg = Debug|Any CPU
		{BB332955-685E-4EA3-BC95-94E5C984A610}.Debug|Any CPU.Build.0 = Debug|Any CPU
		{BB332955-685E-4EA3-BC95-94E5C984A610}.Release|Any CPU.ActiveCfg = Release|Any CPU
		{BB332955-685E-4EA3-BC95-94E5C984A610}.Release|Any CPU.Build.0 = Release|Any CPU
	EndGlobalSection
	GlobalSection(SolutionProperties) = preSolution
		HideSolutionNode = FALSE
	EndGlobalSection
	GlobalSection(NestedProjects) = preSolution
		{470BBF93-FF7E-4101-84DB-7FC742C41B8B} = {CB93FDD4-81B7-4C8B-8653-D9AF83AB07CF}
		{F0B3C988-FBBC-412B-9E94-7EC6075EAC20} = {5EEF80E5-FD05-45EC-81A3-E5F8CC768F77}
		{F926DE03-1E33-46A6-979A-706F78E3CBCC} = {5EEF80E5-FD05-45EC-81A3-E5F8CC768F77}
		{3C2470E8-B802-4357-AD03-F856969B55E3} = {5EEF80E5-FD05-45EC-81A3-E5F8CC768F77}
		{C3DECD5A-36A9-4583-8FD5-CCC664A29A48} = {5EEF80E5-FD05-45EC-81A3-E5F8CC768F77}
		{5B5B87A6-3755-4B78-85A2-405482E558E7} = {5EEF80E5-FD05-45EC-81A3-E5F8CC768F77}
		{543944FF-D802-4960-92B6-A8FD3E5297DE} = {5EEF80E5-FD05-45EC-81A3-E5F8CC768F77}
		{3867D99E-5870-46CA-860E-003728714C47} = {5EEF80E5-FD05-45EC-81A3-E5F8CC768F77}
		{39EA720F-7367-4587-B0EC-AAF0720EDBA1} = {5EEF80E5-FD05-45EC-81A3-E5F8CC768F77}
		{BD4601DA-7A93-4196-8B9B-4FCFFC096975} = {5EEF80E5-FD05-45EC-81A3-E5F8CC768F77}
		{622DFC5D-64E1-4F99-A6A8-7967CCF975EF} = {5EEF80E5-FD05-45EC-81A3-E5F8CC768F77}
		{AA004897-EC9B-4725-8EC0-40925EA19C22} = {5EEF80E5-FD05-45EC-81A3-E5F8CC768F77}
		{46FD534F-7329-4BA8-8F9E-E8A50EB1041E} = {CB93FDD4-81B7-4C8B-8653-D9AF83AB07CF}
		{0E38561C-E725-4F45-86A1-045070C81528} = {5EEF80E5-FD05-45EC-81A3-E5F8CC768F77}
		{BB332955-685E-4EA3-BC95-94E5C984A610} = {CB93FDD4-81B7-4C8B-8653-D9AF83AB07CF}
	EndGlobalSection
	GlobalSection(ExtensibilityGlobals) = postSolution
		SolutionGuid = {52F0D732-73DE-4DCA-AA90-F058F40E193F}
	EndGlobalSection
EndGlobal
